{
  "name": "@palett/table",
  "version": "0.0.15",
  "lockfileVersion": 1,
  "requires": true,
  "dependencies": {
    "@analys/crostab": {
      "version": "0.0.10",
      "resolved": "https://registry.npmjs.org/@analys/crostab/-/crostab-0.0.10.tgz",
      "integrity": "sha512-T9Ux4XAcfI0mnqm/9x2vA40fezLahdplaWtVbo9/mehbJ1GUiV+dN9yVkMaa0L+dj1zfoqCtAqkjiSytywSSCw==",
      "requires": {
        "@analys/crostab-init": "^0.0.10",
        "@analys/keyed-columns": "^0.0.10",
        "@analys/keyed-rows": "^0.0.10",
        "@aryth/comparer": "^0.0.10",
        "@vect/column-getter": "^0.1.2",
        "@vect/column-mapper": "^0.1.2",
        "@vect/columns-update": "^0.1.2",
        "@vect/matrix": "^0.1.3",
        "@vect/matrix-init": "^0.1.3",
        "@vect/matrix-mapper": "^0.1.2",
        "@vect/vector-mapper": "^0.1.2",
        "@vect/vector-zipper": "^0.1.2"
      }
    },
    "@analys/crostab-init": {
      "version": "0.0.10",
      "resolved": "https://registry.npmjs.org/@analys/crostab-init/-/crostab-init-0.0.10.tgz",
      "integrity": "sha512-/10QDm1nYAR3py8aHlJCj5MK9ERXioygAQjoBLWsCQxYt/mt2rBPOpe9DvPwt+SCM/iwv65aUIkwj3P4YUGrjw==",
      "requires": {
        "veho": "^0.2.23"
      },
      "dependencies": {
        "veho": {
          "version": "0.2.23",
          "resolved": "https://registry.npmjs.org/veho/-/veho-0.2.23.tgz",
          "integrity": "sha512-BL23EGWWAC+JrlNUI3vZRCYfUSXT0mVaIa2XrTd+osi8ZHUemp2A0A4LuHHJsFR52CVHRmnwF2E60XpG8WtoeQ==",
          "requires": {
            "typen": "^0.1.9"
          }
        }
      }
    },
    "@analys/enum-pivot-mode": {
      "version": "0.0.10",
      "resolved": "https://registry.npmjs.org/@analys/enum-pivot-mode/-/enum-pivot-mode-0.0.10.tgz",
      "integrity": "sha512-vYyGvIv2S6ZHGJaFK9fmVQDlu1XKjdDBuHXdBjNY5bpDJidjHjGlSeTc6FF16qgG6AFJlouJhhuq2cH/YcBDzA==",
      "requires": {
        "@vect/vector-init": "^0.1.2",
        "@vect/vector-mapper": "^0.1.2",
        "@vect/vector-zipper": "^0.1.2"
      }
    },
    "@analys/keyed-columns": {
      "version": "0.0.10",
      "resolved": "https://registry.npmjs.org/@analys/keyed-columns/-/keyed-columns-0.0.10.tgz",
      "integrity": "sha512-QWSb6MxKC1TPYu4cj/vL7nOcUkLyd1SxTPDRAqzku0bPU+/wxreYMJmfHko1FqgWyigux2ZYxSAeRNoZJ7cmEw==",
      "requires": {
        "@analys/util-keyed-vectors": "^0.0.10",
        "@vect/column-getter": "^0.1.2",
        "@vect/columns-select": "^0.1.2",
        "@vect/entries-unwind": "^0.1.2",
        "@vect/matrix-transpose": "^0.1.2",
        "@vect/object-init": "^0.1.3",
        "@vect/vector-mapper": "^0.1.2",
        "@vect/vector-zipper": "^0.1.2"
      }
    },
    "@analys/keyed-rows": {
      "version": "0.0.10",
      "resolved": "https://registry.npmjs.org/@analys/keyed-rows/-/keyed-rows-0.0.10.tgz",
      "integrity": "sha512-SiMo3nnXRgSlz1zzhqqrCS8w+8EUquqRzr88tUqwMxCBXmVN6liAG8XLG5HCYuYGCEe14EYvvVamcWTW+noxLw==",
      "requires": {
        "@analys/util-keyed-vectors": "^0.0.10",
        "@vect/column-getter": "^0.1.2",
        "@vect/entries-unwind": "^0.1.2",
        "@vect/matrix-transpose": "^0.1.2",
        "@vect/vector-mapper": "^0.1.2",
        "@vect/vector-select": "^0.1.1",
        "@vect/vector-zipper": "^0.1.2"
      }
    },
    "@analys/util-keyed-vectors": {
      "version": "0.0.10",
      "resolved": "https://registry.npmjs.org/@analys/util-keyed-vectors/-/util-keyed-vectors-0.0.10.tgz",
      "integrity": "sha512-RCk2dlYZko5v1Dsg7X7QV6s+UG+A0KCpMvYN/M0lQgeB4OhvSK8Tely3XBvnrh751A0WgXeiOYHjb3J/ZBozbw==",
      "requires": {
        "@analys/enum-pivot-mode": "^0.0.10",
        "@vect/vector-init": "^0.1.2",
        "@vect/vector-mapper": "^0.1.2",
        "@vect/vector-zipper": "^0.1.2"
      }
    },
    "@aryth/comparer": {
      "version": "0.0.10",
      "resolved": "https://registry.npmjs.org/@aryth/comparer/-/comparer-0.0.10.tgz",
      "integrity": "sha512-Kn5sn0PfZHu/PhMOV7ZeOdAXkEDVKv8eH/pdDu7owcwBRItL9EIzsmB4ztEIcyVquuWducVusgNAqdReJHlepQ=="
    },
    "@aryth/math": {
      "version": "0.0.11",
      "resolved": "https://registry.npmjs.org/@aryth/math/-/math-0.0.11.tgz",
      "integrity": "sha512-kMxPnktNP3n1WalPV8S6IaduOU2eXW8x9zugQ3pTaxRIaY4LB/5BxizPtj0T6q3ifR0ZQ8gat8AT5U4i1K+Dzg=="
    },
    "@spare/lange": {
      "version": "0.1.5",
      "resolved": "https://registry.npmjs.org/@spare/lange/-/lange-0.1.5.tgz",
      "integrity": "sha512-TLs6/6yOlHqGPLf4xDa4fE3F/3r/X3fyoVeuCTe2PtOmiBBqW4n7BE9VARk+KryR3ZsMp4iuC31pib6LUOEutA=="
    },
    "@spare/string": {
      "version": "0.1.8",
      "resolved": "https://registry.npmjs.org/@spare/string/-/string-0.1.8.tgz",
      "integrity": "sha512-6TvRBVNQiXenPBBsxlW6oy8ICobMqVlKixA0SFTQnYf3R6J6jGQKf5ivi8txcjNBCsLzwoFtd8DNpb8Oq9TOow==",
      "requires": {
        "@spare/lange": "^0.1.5",
        "@spare/util": "^0.1.8"
      }
    },
    "@spare/util": {
      "version": "0.1.8",
      "resolved": "https://registry.npmjs.org/@spare/util/-/util-0.1.8.tgz",
      "integrity": "sha512-HodSAi5XyLKjXRPee3b9s0sdFmNlpEMyPXgIckV+uFUKYy5Qpyd2zh3R3oBne0NNfdJYi1LgNJGxbzJ5LJfIXw==",
      "requires": {
        "@spare/lange": "^0.1.5",
        "@typen/num-strict": "^0.0.1",
        "@vect/matrix": "^0.1.3",
        "@vect/vector": "^0.1.2"
      }
    },
    "@typen/num-strict": {
      "version": "0.0.1",
      "resolved": "https://registry.npmjs.org/@typen/num-strict/-/num-strict-0.0.1.tgz",
      "integrity": "sha512-6b6Hr1FVt6dQDjjktqy7Z8qAiGXHIK33stdGrlurDKMzZU7i5d9kD00pEyzwsPfXwwQpNo7t/gSR++MXbzV2pw=="
    },
    "@vect/column-getter": {
      "version": "0.1.2",
      "resolved": "https://registry.npmjs.org/@vect/column-getter/-/column-getter-0.1.2.tgz",
      "integrity": "sha512-4QMxfRb2CKfv1lSw3k53C/XqQe2JqzyRvt0LhiMZwJfNM3IFpbVNfEqF1rT9AAFh1NupVI4l8Nv0InoxtpPYqg==",
      "requires": {
        "@vect/vector-mapper": "^0.1.2"
      }
    },
    "@vect/column-mapper": {
      "version": "0.1.2",
      "resolved": "https://registry.npmjs.org/@vect/column-mapper/-/column-mapper-0.1.2.tgz",
      "integrity": "sha512-N5vd7BCaD9dqbkIeTxalONMIssZyap12P+iytDjTUgjhjKlmkkmVmnXKc3fLd83wUTqmlK+GuWaiJuk+VQwZzQ=="
    },
    "@vect/columns-mapper": {
      "version": "0.1.2",
      "resolved": "https://registry.npmjs.org/@vect/columns-mapper/-/columns-mapper-0.1.2.tgz",
      "integrity": "sha512-DipC7yHg97uHVVu8j+Y5HHd/+cGTRjdHPsGDyg1b75MuPVmZUo4tDIsg2cpMcKgM2RahhACRtkdImG0gawshNw==",
      "requires": {
        "@vect/column-getter": "^0.1.2"
      }
    },
    "@vect/columns-select": {
      "version": "0.1.2",
      "resolved": "https://registry.npmjs.org/@vect/columns-select/-/columns-select-0.1.2.tgz",
      "integrity": "sha512-3HtymtMC33FAzlPX2mu8hsFB3RMt4WSyv8neXNT8/OjFmexgQZP1B0T8VT+A6KlS5X/d7mzb/HwWnp7ZRTwp2Q==",
      "requires": {
        "@vect/column-getter": "^0.1.2",
        "@vect/vector-select": "^0.1.1"
      }
    },
    "@vect/columns-update": {
      "version": "0.1.2",
      "resolved": "https://registry.npmjs.org/@vect/columns-update/-/columns-update-0.1.2.tgz",
      "integrity": "sha512-dZepsJH1zM9hyOJLnQo97AOTK8Aw3NISq/9/SsdJf05nd7CETh1X0T27o/Jm9OuHqqsH8EaZqyUM9Jf5krwDkw==",
      "requires": {
        "@vect/vector-mapper": "^0.1.2",
        "@vect/vector-update": "^0.1.0",
        "@vect/vector-zipper": "^0.1.2"
      }
    },
    "@vect/entries-unwind": {
      "version": "0.1.2",
      "resolved": "https://registry.npmjs.org/@vect/entries-unwind/-/entries-unwind-0.1.2.tgz",
      "integrity": "sha512-Rpn4SXG9yayP6oMFpGwd7kIF3cLDWoUexAn5N4WYNNeU9KAhyOjKwqja3akx17IkM0MiV92G7eg5hKDcTHBrNg=="
    },
    "@vect/matrix": {
      "version": "0.1.3",
      "resolved": "https://registry.npmjs.org/@vect/matrix/-/matrix-0.1.3.tgz",
      "integrity": "sha512-8yErt2F8NMZnftr0iOlLLabpbzuEX1h9bS2hJ02EqDfs/CYCo87/m7sOIGO3WmIs0Hmld6RiZ7j6OPyEdgHhmw==",
      "requires": {
        "@vect/column-getter": "^0.1.2",
        "@vect/columns-mapper": "^0.1.2",
        "@vect/columns-select": "^0.1.2",
        "@vect/columns-update": "^0.1.2",
        "@vect/matrix-indicator": "^0.1.2",
        "@vect/matrix-init": "^0.1.3",
        "@vect/matrix-mapper": "^0.1.2",
        "@vect/matrix-margin": "^0.1.2",
        "@vect/matrix-quantifier": "^0.1.2",
        "@vect/matrix-size": "^0.1.2",
        "@vect/matrix-transpose": "^0.1.2",
        "@vect/matrix-zipper": "^0.1.2"
      }
    },
    "@vect/matrix-indicator": {
      "version": "0.1.2",
      "resolved": "https://registry.npmjs.org/@vect/matrix-indicator/-/matrix-indicator-0.1.2.tgz",
      "integrity": "sha512-yPS+NLpNpKGhpa0EjHuddCn0yNJ7NLfNt6SE6sPrrYssfGA83gj+0fVfjQ8gqk+5BaJBBPRIIXnuq/npicB44g==",
      "requires": {
        "@aryth/comparer": "^0.0.10"
      }
    },
    "@vect/matrix-init": {
      "version": "0.1.3",
      "resolved": "https://registry.npmjs.org/@vect/matrix-init/-/matrix-init-0.1.3.tgz",
      "integrity": "sha512-DbuEFbBMHUMt1adNEpwETjYSFfpL4n+RyR2/u6d4REEV5efg92TAs4cRED2FyVlGRRvozXN6/XNJ35rvHpyl8Q=="
    },
    "@vect/matrix-mapper": {
      "version": "0.1.2",
      "resolved": "https://registry.npmjs.org/@vect/matrix-mapper/-/matrix-mapper-0.1.2.tgz",
      "integrity": "sha512-xsPJA0eZ0pIuZdhoDXe/pVjq2dAHx8cep2uHc2+7Z7VLItpLV2lRZAQyjhaZApQ8SWinbn7hr8DUkMy1NzOnBg==",
      "requires": {
        "@vect/matrix-size": "^0.1.2",
        "@vect/vector-mapper": "^0.1.2"
      }
    },
    "@vect/matrix-margin": {
      "version": "0.1.2",
      "resolved": "https://registry.npmjs.org/@vect/matrix-margin/-/matrix-margin-0.1.2.tgz",
      "integrity": "sha512-Q9nr8WShRspJtPp3jcw63yoYEpYOObeFhnVRT+pdtWurF/+bnoe4vCYKqjuzOzpvrHLrf4z41DatBv4OaX7/oQ==",
      "requires": {
        "@vect/vector-margin": "^0.1.2"
      }
    },
    "@vect/matrix-quantifier": {
      "version": "0.1.2",
      "resolved": "https://registry.npmjs.org/@vect/matrix-quantifier/-/matrix-quantifier-0.1.2.tgz",
      "integrity": "sha512-6TYCLumoMTWqkzxVvtToNKlst6/UmS2qhBxARf8jRslRXU3NDpKdpxS5ZzwpOmPvl5lj2qhMWeHrLUyLj1uvgg=="
    },
    "@vect/matrix-size": {
      "version": "0.1.2",
      "resolved": "https://registry.npmjs.org/@vect/matrix-size/-/matrix-size-0.1.2.tgz",
      "integrity": "sha512-CFTqFx1SJWinXBxSxGhIJTcagAYu602IcOcvAmECs97y75U1CB+5x4dDpwoUjZwU2RKz2Pq5KLU0QrOzuIUc6g=="
    },
    "@vect/matrix-transpose": {
      "version": "0.1.2",
      "resolved": "https://registry.npmjs.org/@vect/matrix-transpose/-/matrix-transpose-0.1.2.tgz",
      "integrity": "sha512-EMtz5raCjmtCrwKyNKi/b7BQehHsauSNdEk6tvZ7qtXaqiTLgirzF9YlP7/hU4alPUm2QhOvhXNHCOVfI+9+pQ==",
      "requires": {
        "@vect/vector-mapper": "^0.1.2"
      }
    },
    "@vect/matrix-zipper": {
      "version": "0.1.2",
      "resolved": "https://registry.npmjs.org/@vect/matrix-zipper/-/matrix-zipper-0.1.2.tgz",
      "integrity": "sha512-SaPZvYn/szcZL7S7dDcYVCoDvEBfvi0HOCSiTs6LOS/EGQl9lHsn1lIKVuv2FkcPoE9YbhSRI4CRnoNUpet/6g=="
    },
    "@vect/object-init": {
      "version": "0.1.3",
      "resolved": "https://registry.npmjs.org/@vect/object-init/-/object-init-0.1.3.tgz",
      "integrity": "sha512-Nxr7eVTrXmVizg+xPHU66GuV7/8HfD5YnrjD/vTNVUIvYmJ8LyCV/t1+DTPp456WXGq7V9t5d/t0xmUUWNMVUA=="
    },
    "@vect/vector": {
      "version": "0.1.2",
      "resolved": "https://registry.npmjs.org/@vect/vector/-/vector-0.1.2.tgz",
      "integrity": "sha512-dLiTfsjRIO06RHlCVDxanpocbmoUUXGDmw9HzwecB6yVN61mjCZ4PXztvpzlG7KAmFCZwpDGZoKhRND5Izfxpg==",
      "requires": {
        "@vect/vector-indicator": "^0.1.2",
        "@vect/vector-init": "^0.1.2",
        "@vect/vector-mapper": "^0.1.2",
        "@vect/vector-margin": "^0.1.2",
        "@vect/vector-select": "^0.1.1",
        "@vect/vector-update": "^0.1.0",
        "@vect/vector-zipper": "^0.1.2"
      }
    },
    "@vect/vector-indicator": {
      "version": "0.1.2",
      "resolved": "https://registry.npmjs.org/@vect/vector-indicator/-/vector-indicator-0.1.2.tgz",
      "integrity": "sha512-46BEcoZksndiW6QlfjY4B92qLq2cJ9gl+oZ+of66qc2zs6dIVdWvVfGu4+bASEiPTZjBpIjLpQVuSGrxej7UMw==",
      "requires": {
        "@aryth/comparer": "^0.0.10"
      }
    },
    "@vect/vector-init": {
      "version": "0.1.2",
      "resolved": "https://registry.npmjs.org/@vect/vector-init/-/vector-init-0.1.2.tgz",
      "integrity": "sha512-f/x0BsQ+M8WOpuADCaXmbzuWdgkiHNguL8VoZIrW3VI/wCdkS5C300tA3v77bIGzmP/Xusw/2ik5L1fAfKkW9Q==",
      "requires": {
        "@aryth/math": "^0.0.10"
      },
      "dependencies": {
        "@aryth/math": {
          "version": "0.0.10",
          "resolved": "https://registry.npmjs.org/@aryth/math/-/math-0.0.10.tgz",
          "integrity": "sha512-ORPb6EFeNYsC3QZcdRra9TpFMRjN7P+8Vilk3WgWikI2wUTsnsPIs4ipAfxRZgxfiO/rdnfxA5HI5WIxzC2/8Q=="
        }
      }
    },
    "@vect/vector-mapper": {
      "version": "0.1.2",
      "resolved": "https://registry.npmjs.org/@vect/vector-mapper/-/vector-mapper-0.1.2.tgz",
      "integrity": "sha512-F4DinP70tT+SMVfDfJuFahKyQY4ZxTom7s0ZUkW4sbo5qrGwp84E2gmiRfX+euSxxdY/4dqvkyi3c0itxr2+Zw=="
    },
    "@vect/vector-margin": {
      "version": "0.1.2",
      "resolved": "https://registry.npmjs.org/@vect/vector-margin/-/vector-margin-0.1.2.tgz",
      "integrity": "sha512-wh/novb7AarsTpuoqf/9qJkH2eWNycSlTkb/+C5pmWQbAEaIAKusaB0xWJxwQVa+cW8quwXIpvl9yHQyqaSxNQ=="
    },
    "@vect/vector-select": {
      "version": "0.1.1",
      "resolved": "https://registry.npmjs.org/@vect/vector-select/-/vector-select-0.1.1.tgz",
      "integrity": "sha512-p3KurWQULDxQdoyovOLObFp9ISMYwo5RLRXHHeSzi53U2FmE+sW/g1USo2Ktp1Xky4ZBi7C7BUGnX9bBr0jbuQ=="
    },
    "@vect/vector-update": {
      "version": "0.1.0",
      "resolved": "https://registry.npmjs.org/@vect/vector-update/-/vector-update-0.1.0.tgz",
      "integrity": "sha512-epFXn8qM6llbPhGmJ9KadiSoACATmYnYw9vjEUlI+6a4qs1NgTupKk2rM10S46h6iGHf67tjG5ngPEQ5LbI2iA=="
    },
    "@vect/vector-zipper": {
      "version": "0.1.2",
      "resolved": "https://registry.npmjs.org/@vect/vector-zipper/-/vector-zipper-0.1.2.tgz",
      "integrity": "sha512-1svnQbPcwSJ54+Q06bPzq34SqFAoJHHGkM4+rb22ADfzEa7x2Es0GBJj4hme6ZCQXIRfVakIXDYkJzs9AQlDzw=="
    },
    "palett": {
      "version": "0.0.23",
      "resolved": "https://registry.npmjs.org/palett/-/palett-0.0.23.tgz",
      "integrity": "sha512-TI8J2EIDDrKqe3OH/19+aCSpM2il7PqAxDwpbdXZBkPvnZHpwg+pdLFbt2FmNuHNgiWGFR4qPXn1Q4sOyMJvOg=="
    },
    "typen": {
      "version": "0.1.11",
      "resolved": "https://registry.npmjs.org/typen/-/typen-0.1.11.tgz",
      "integrity": "sha512-KzZSQHiKC2HnhSKeOzQsh4frOF3WV68oWugvsAvQN56aCfSREv8blmVLYAwK0BkF2/aUkWkCC5Njca6AqZL+oQ=="
    }
  }
}
