{
  "name": "@palett/table",
  "version": "0.0.13",
  "lockfileVersion": 1,
  "requires": true,
  "dependencies": {
    "@aryth/math": {
      "version": "0.0.11",
      "resolved": "https://registry.npmjs.org/@aryth/math/-/math-0.0.11.tgz",
      "integrity": "sha512-kMxPnktNP3n1WalPV8S6IaduOU2eXW8x9zugQ3pTaxRIaY4LB/5BxizPtj0T6q3ifR0ZQ8gat8AT5U4i1K+Dzg=="
    },
    "@vect/vector-mapper": {
      "version": "0.1.2",
      "resolved": "https://registry.npmjs.org/@vect/vector-mapper/-/vector-mapper-0.1.2.tgz",
      "integrity": "sha512-F4DinP70tT+SMVfDfJuFahKyQY4ZxTom7s0ZUkW4sbo5qrGwp84E2gmiRfX+euSxxdY/4dqvkyi3c0itxr2+Zw=="
    },
    "palett": {
      "version": "0.0.23",
      "resolved": "https://registry.npmjs.org/palett/-/palett-0.0.23.tgz",
      "integrity": "sha512-TI8J2EIDDrKqe3OH/19+aCSpM2il7PqAxDwpbdXZBkPvnZHpwg+pdLFbt2FmNuHNgiWGFR4qPXn1Q4sOyMJvOg=="
    }
  }
}
